<?xml version="1.0" encoding="UTF-8" standalone="yes" ?>
<CodeBlocks_project_file>
	<FileVersion major="1" minor="6" />
	<Project>
		<Option title="Gam200Project" />
		<Option pch_mode="2" />
		<Option compiler="gcc" />
		<Build>
			<Target title="Debug">
				<Option output="bin/Debug/Gam200Project" prefix_auto="1" extension_auto="1" />
				<Option object_output="obj/Debug/" />
				<Option type="1" />
				<Option compiler="gcc" />
				<Compiler>
					<Add option="-g" />
				</Compiler>
			</Target>
			<Target title="Release">
				<Option output="bin/Release/Gam200Project" prefix_auto="1" extension_auto="1" />
				<Option object_output="obj/Release/" />
				<Option type="1" />
				<Option compiler="gcc" />
				<Compiler>
					<Add option="-O2" />
				</Compiler>
				<Linker>
					<Add option="-s" />
				</Linker>
			</Target>
		</Build>
		<Compiler>
			<Add option="-std=c++11" />
			<Add option="-Wall" />
			<Add directory="D:/libraries/SDL2/dev/SDL2-devel-2.0.3-mingw/SDL2-2.0.3/i686-w64-mingw32/include/SDL2" />
			<Add directory="D:/School/Fall2015/gam200/REPOS/team-for-lease/fle/src" />
			<Add directory="D:/libraries/SDL_Image/dev/SDL2_image-2.0.0/i686-w64-mingw32/include/SDL2" />
		</Compiler>
		<Linker>
			<Add option="-lmingw32 -lSDL2main -lSDL2 -lSDL2_image -lglu32 -lopengl32" />
			<Add directory="D:/libraries/SDL2/dev/SDL2-devel-2.0.3-mingw/SDL2-2.0.3/i686-w64-mingw32/lib" />
			<Add directory="D:/libraries/SDL_Image/dev/SDL2_image-2.0.0/i686-w64-mingw32/lib" />
		</Linker>
		<Unit filename="../team-for-lease/fle/src/Component.cpp" />
		<Unit filename="../team-for-lease/fle/src/Component.h" />
		<Unit filename="../team-for-lease/fle/src/ComponentsInclude.h" />
		<Unit filename="../team-for-lease/fle/src/Edge.cpp" />
		<Unit filename="../team-for-lease/fle/src/Edge.h" />
		<Unit filename="../team-for-lease/fle/src/Entity.cpp" />
		<Unit filename="../team-for-lease/fle/src/Entity.h" />
		<Unit filename="../team-for-lease/fle/src/EntityExceptions.cpp" />
		<Unit filename="../team-for-lease/fle/src/EntityExceptions.h" />
		<Unit filename="../team-for-lease/fle/src/Event.h" />
		<Unit filename="../team-for-lease/fle/src/EventDispatcher.cpp" />
		<Unit filename="../team-for-lease/fle/src/EventDispatcher.h" />
		<Unit filename="../team-for-lease/fle/src/Exception.cpp" />
		<Unit filename="../team-for-lease/fle/src/Exception.h" />
		<Unit filename="../team-for-lease/fle/src/Face.cpp" />
		<Unit filename="../team-for-lease/fle/src/Face.h" />
		<Unit filename="../team-for-lease/fle/src/Font.h" />
		<Unit filename="../team-for-lease/fle/src/FrameRateController.cpp" />
		<Unit filename="../team-for-lease/fle/src/FrameRateController.h" />
		<Unit filename="../team-for-lease/fle/src/Glyph.h" />
		<Unit filename="../team-for-lease/fle/src/Graphics.cpp" />
		<Unit filename="../team-for-lease/fle/src/Graphics.h" />
		<Unit filename="../team-for-lease/fle/src/GraphicsException.cpp" />
		<Unit filename="../team-for-lease/fle/src/GraphicsException.h" />
		<Unit filename="../team-for-lease/fle/src/Input.cpp" />
		<Unit filename="../team-for-lease/fle/src/Input.h" />
		<Unit filename="../team-for-lease/fle/src/KeyboardEvent.cpp" />
		<Unit filename="../team-for-lease/fle/src/KeyboardEvent.h" />
		<Unit filename="../team-for-lease/fle/src/Keys.h" />
		<Unit filename="../team-for-lease/fle/src/Listener.cpp" />
		<Unit filename="../team-for-lease/fle/src/Listener.h" />
		<Unit filename="../team-for-lease/fle/src/Matrix.cpp" />
		<Unit filename="../team-for-lease/fle/src/Matrix.h" />
		<Unit filename="../team-for-lease/fle/src/Mesh.cpp" />
		<Unit filename="../team-for-lease/fle/src/Mesh.h" />
		<Unit filename="../team-for-lease/fle/src/Renderer.cpp" />
		<Unit filename="../team-for-lease/fle/src/Renderer.h" />
		<Unit filename="../team-for-lease/fle/src/Texture.cpp" />
		<Unit filename="../team-for-lease/fle/src/Texture.h" />
		<Unit filename="../team-for-lease/fle/src/TextureRegion.cpp" />
		<Unit filename="../team-for-lease/fle/src/TextureRegion.h" />
		<Unit filename="../team-for-lease/fle/src/Transform.cpp" />
		<Unit filename="../team-for-lease/fle/src/Transform.h" />
		<Unit filename="../team-for-lease/fle/src/Vector.cpp" />
		<Unit filename="../team-for-lease/fle/src/Vector.h" />
		<Unit filename="TextMessageEvent.h" />
		<Unit filename="main.cpp" />
		<Extensions>
			<code_completion />
			<envvars />
			<debugger />
		</Extensions>
	</Project>
</CodeBlocks_project_file>
